{
  "name": "pizza-luvrs",
  "version": "1.0.0",
  "lockfileVersion": 1,
  "dependencies": {
    "@types/geojson": {
      "version": "1.0.2",
      "resolved": "https://registry.npmjs.org/@types/geojson/-/geojson-1.0.2.tgz",
      "integrity": "sha1-sC0QqwKOKSisWSoFGqpJgaGUHQM="
    },
    "align-text": {
      "version": "0.1.4",
      "resolved": "https://registry.npmjs.org/align-text/-/align-text-0.1.4.tgz",
      "integrity": "sha1-DNkKVhCT810KmSVsIrcGlDP60Rc="
    },
    "amdefine": {
      "version": "1.0.1",
      "resolved": "https://registry.npmjs.org/amdefine/-/amdefine-1.0.1.tgz",
      "integrity": "sha1-SlKCrBZHKek2Gbz9OtFR+BfOkfU="
    },
    "ammo": {
      "version": "2.0.4",
      "resolved": "https://registry.npmjs.org/ammo/-/ammo-2.0.4.tgz",
      "integrity": "sha1-v4CqshFpjqePY+9efxE91dnokX8=",
      "dependencies": {
        "boom": {
          "version": "5.1.0",
          "resolved": "https://registry.npmjs.org/boom/-/boom-5.1.0.tgz",
          "integrity": "sha1-Awj6jpJM1tQtnDv0iDvcmPDnHfg="
        }
      }
    },
    "ap": {
      "version": "0.2.0",
      "resolved": "https://registry.npmjs.org/ap/-/ap-0.2.0.tgz",
      "integrity": "sha1-rglCYAspkS8NKxTsYMRejzMLYRA="
    },
    "async": {
      "version": "2.0.0-rc.6",
      "resolved": "https://registry.npmjs.org/async/-/async-2.0.0-rc.6.tgz",
      "integrity": "sha1-l4/EFV0fwwuLWPw/AgECstoC8qQ="
    },
    "aws-sdk": {
      "version": "2.3.11",
      "resolved": "https://registry.npmjs.org/aws-sdk/-/aws-sdk-2.3.11.tgz",
      "integrity": "sha1-YjTlBCSFM1Zubuyw7TlLoYB4yWY="
    },
    "balanced-match": {
      "version": "1.0.0",
      "resolved": "https://registry.npmjs.org/balanced-match/-/balanced-match-1.0.0.tgz",
      "integrity": "sha1-ibTRmasr7kneFk6gK4nORi1xt2c="
    },
    "bcrypt-nodejs": {
      "version": "0.0.3",
      "resolved": "https://registry.npmjs.org/bcrypt-nodejs/-/bcrypt-nodejs-0.0.3.tgz",
      "integrity": "sha1-xgkX8m3CNWYVZsaBBhwwPCsohCs="
    },
    "bluebird": {
      "version": "3.5.0",
      "resolved": "https://registry.npmjs.org/bluebird/-/bluebird-3.5.0.tgz",
      "integrity": "sha1-eRQg1/VR7qKJdFOop3ZT+WYG1nw="
    },
    "boom": {
      "version": "3.1.3",
      "resolved": "https://registry.npmjs.org/boom/-/boom-3.1.3.tgz",
      "integrity": "sha1-WNRAAYs8SYfV5cAnIMH2Hn//1bw="
    },
    "bootflat": {
      "version": "2.0.4",
      "resolved": "https://registry.npmjs.org/bootflat/-/bootflat-2.0.4.tgz",
      "integrity": "sha1-BvQy1QEXjDKN1ADUytE3KcAqlUw="
    },
    "brace-expansion": {
      "version": "1.1.8",
      "resolved": "https://registry.npmjs.org/brace-expansion/-/brace-expansion-1.1.8.tgz",
      "integrity": "sha1-wHshHHyVLsH479Uad+8NHTmQopI="
    },
    "buffer-writer": {
      "version": "1.0.1",
      "resolved": "https://registry.npmjs.org/buffer-writer/-/buffer-writer-1.0.1.tgz",
      "integrity": "sha1-Iqk2kB4wKa/NdUfrRIfOtpejvwg="
    },
    "camelcase": {
      "version": "1.2.1",
      "resolved": "https://registry.npmjs.org/camelcase/-/camelcase-1.2.1.tgz",
      "integrity": "sha1-m7UwTS4LVmmLLHWLCKPqqdqlijk=",
      "optional": true
    },
    "catbox": {
      "version": "7.1.2",
      "resolved": "https://registry.npmjs.org/catbox/-/catbox-7.1.2.tgz",
      "integrity": "sha1-RnIbHJmWdRP9e36UUXBqBe3+1a0=",
      "dependencies": {
        "joi": {
          "version": "9.2.0",
          "resolved": "https://registry.npmjs.org/joi/-/joi-9.2.0.tgz",
          "integrity": "sha1-M4WseQGSEwy+Iw6ALsAskhW7/to="
        }
      }
    },
    "catbox-redis": {
      "version": "2.0.2",
      "resolved": "https://registry.npmjs.org/catbox-redis/-/catbox-redis-2.0.2.tgz",
      "integrity": "sha1-FyERb0hJSpzIc7B8bqJfp+GJirE="
    },
    "center-align": {
      "version": "0.1.3",
      "resolved": "https://registry.npmjs.org/center-align/-/center-align-0.1.3.tgz",
      "integrity": "sha1-qg0yYptu6XIgBBHL1EYckHvCt60=",
      "optional": true
    },
    "cliui": {
      "version": "2.1.0",
      "resolved": "https://registry.npmjs.org/cliui/-/cliui-2.1.0.tgz",
      "integrity": "sha1-S0dXYP+AJkx2LDoXGQMukcf+oNE=",
      "optional": true,
      "dependencies": {
        "wordwrap": {
          "version": "0.0.2",
          "resolved": "https://registry.npmjs.org/wordwrap/-/wordwrap-0.0.2.tgz",
          "integrity": "sha1-t5Zpu0LstAn4PVg8rVLKF+qhZD8=",
          "optional": true
        }
      }
    },
    "concat-map": {
      "version": "0.0.1",
      "resolved": "https://registry.npmjs.org/concat-map/-/concat-map-0.0.1.tgz",
      "integrity": "sha1-2Klr13/Wjfd5OnMDajug1UBdR3s="
    },
    "core-util-is": {
      "version": "1.0.2",
      "resolved": "https://registry.npmjs.org/core-util-is/-/core-util-is-1.0.2.tgz",
      "integrity": "sha1-tf1UIgqivFq1eqtxQMlAdUUDwac="
    },
    "cross-env": {
      "version": "3.2.4",
      "resolved": "https://registry.npmjs.org/cross-env/-/cross-env-3.2.4.tgz",
      "integrity": "sha1-ngWF8neGTtQhznVvgamA/w1piro="
    },
    "cross-spawn": {
      "version": "5.1.0",
      "resolved": "https://registry.npmjs.org/cross-spawn/-/cross-spawn-5.1.0.tgz",
      "integrity": "sha1-6L0O/uWPz/b4+UUQoKVUu/ojVEk="
    },
    "debug": {
      "version": "2.6.8",
      "resolved": "https://registry.npmjs.org/debug/-/debug-2.6.8.tgz",
      "integrity": "sha1-5zFTHKLt4n0YgiJCfaF4IdaP9Pw="
    },
    "decamelize": {
      "version": "1.2.0",
      "resolved": "https://registry.npmjs.org/decamelize/-/decamelize-1.2.0.tgz",
      "integrity": "sha1-9lNNFRSCabIDUue+4m9QH5oZEpA=",
      "optional": true
    },
    "depd": {
      "version": "1.1.0",
      "resolved": "https://registry.npmjs.org/depd/-/depd-1.1.0.tgz",
      "integrity": "sha1-4b2Cxqq2ztlluXuIsX7T5SjKGMM="
    },
    "dottie": {
      "version": "1.1.1",
      "resolved": "https://registry.npmjs.org/dottie/-/dottie-1.1.1.tgz",
      "integrity": "sha1-RcKj9IvWUo7u0memmoSOqspvqmo="
    },
    "double-ended-queue": {
      "version": "2.1.0-0",
      "resolved": "https://registry.npmjs.org/double-ended-queue/-/double-ended-queue-2.1.0-0.tgz",
      "integrity": "sha1-ED01J/0xUo9AGIEwyEHv3XgmTlw="
    },
    "duplexify": {
      "version": "3.5.0",
      "resolved": "https://registry.npmjs.org/duplexify/-/duplexify-3.5.0.tgz",
      "integrity": "sha1-GqdzAC4VeEV+nZ1KULDMquvL1gQ="
    },
    "end-of-stream": {
      "version": "1.0.0",
      "resolved": "https://registry.npmjs.org/end-of-stream/-/end-of-stream-1.0.0.tgz",
      "integrity": "sha1-1FlucCc0qT5A6a+GQxnqvZn/Lw4="
    },
    "fast-safe-stringify": {
      "version": "1.0.9",
      "resolved": "https://registry.npmjs.org/fast-safe-stringify/-/fast-safe-stringify-1.0.9.tgz",
      "integrity": "sha1-J8kVpL491Q5QGCYZOhTdCJnbrQg="
    },
    "fs-extra": {
      "version": "0.26.7",
      "resolved": "https://registry.npmjs.org/fs-extra/-/fs-extra-0.26.7.tgz",
      "integrity": "sha1-muH92UiXeY7at20JGM9C0MMYT6k="
    },
    "fs.realpath": {
      "version": "1.0.0",
      "resolved": "https://registry.npmjs.org/fs.realpath/-/fs.realpath-1.0.0.tgz",
      "integrity": "sha1-FQStJSMVjKpA20onh8sBQRmU6k8="
    },
    "generic-pool": {
      "version": "2.4.3",
      "resolved": "https://registry.npmjs.org/generic-pool/-/generic-pool-2.4.3.tgz",
      "integrity": "sha1-eAw29p360FpaBF3Te+etyhGk9v8="
    },
    "glob": {
      "version": "7.1.2",
      "resolved": "https://registry.npmjs.org/glob/-/glob-7.1.2.tgz",
      "integrity": "sha512-MJTUg1kjuLeQCJ+ccE4Vpa6kKVXkPYJ2mOCQyUuKLcLQsdrMCpBPUi8qVE6+YuaJkozeA9NusTAw3hLr8Xe5EQ=="
    },
    "good": {
      "version": "7.0.1",
      "resolved": "https://registry.npmjs.org/good/-/good-7.0.1.tgz",
      "integrity": "sha1-0hCvIabaizxNcqOIt1l8i1Ya/X0=",
      "dependencies": {
        "hoek": {
          "version": "3.0.4",
          "resolved": "https://registry.npmjs.org/hoek/-/hoek-3.0.4.tgz",
          "integrity": "sha1-Jorf9mu2aVxptHiaiLHghHw/MSM="
        },
        "joi": {
          "version": "7.3.0",
          "resolved": "https://registry.npmjs.org/joi/-/joi-7.3.0.tgz",
          "integrity": "sha1-TZyfGBgwRECDZltbbNW4ymd5pek="
        }
      }
    },
    "good-file": {
      "version": "6.0.1",
      "resolved": "https://registry.npmjs.org/good-file/-/good-file-6.0.1.tgz",
      "integrity": "sha1-pCYNIjJYXVLzBUdWst3ifeQml8s="
    },
    "good-squeeze": {
      "version": "4.0.0",
      "resolved": "https://registry.npmjs.org/good-squeeze/-/good-squeeze-4.0.0.tgz",
      "integrity": "sha1-p9Mn3Pwl7ISzHztlrasyQZdw/wc=",
      "dependencies": {
        "hoek": {
          "version": "3.0.4",
          "resolved": "https://registry.npmjs.org/hoek/-/hoek-3.0.4.tgz",
          "integrity": "sha1-Jorf9mu2aVxptHiaiLHghHw/MSM="
        }
      }
    },
    "graceful-fs": {
      "version": "4.1.11",
      "resolved": "https://registry.npmjs.org/graceful-fs/-/graceful-fs-4.1.11.tgz",
      "integrity": "sha1-Dovf5NHduIVNZOBOp8AOKgJuVlg="
    },
    "handlebars": {
      "version": "4.0.5",
      "resolved": "https://registry.npmjs.org/handlebars/-/handlebars-4.0.5.tgz",
      "integrity": "sha1-ksbta7FkEQxQ1NjQ+93HCAbG+Oc=",
      "dependencies": {
        "async": {
          "version": "1.5.2",
          "resolved": "https://registry.npmjs.org/async/-/async-1.5.2.tgz",
          "integrity": "sha1-7GphrlZIDAw8skHJVhjiCJL5Zyo="
        }
      }
    },
    "hapi": {
      "version": "13.4.0",
      "resolved": "https://registry.npmjs.org/hapi/-/hapi-13.4.0.tgz",
      "integrity": "sha1-/BzTxq2dlrjUPda0/rU85cRpkMg=",
      "dependencies": {
        "accept": {
          "version": "2.1.1",
          "resolved": "https://registry.npmjs.org/accept/-/accept-2.1.1.tgz",
          "integrity": "sha1-vJxvGDwBKdxy9yWIV+fMj0idD2E="
        },
        "ammo": {
          "version": "2.0.0",
          "resolved": "https://registry.npmjs.org/ammo/-/ammo-2.0.0.tgz",
          "integrity": "sha1-FNvfwfti19gmAgbTfkghkmXSS+g="
        },
        "boom": {
          "version": "3.1.3",
          "resolved": "https://registry.npmjs.org/boom/-/boom-3.1.3.tgz",
          "integrity": "sha1-WNRAAYs8SYfV5cAnIMH2Hn//1bw="
        },
        "call": {
          "version": "3.0.0",
          "resolved": "https://registry.npmjs.org/call/-/call-3.0.0.tgz",
          "integrity": "sha1-6VTpAzInH3qxJgtN4BjWjq+z8BE="
        },
        "catbox": {
          "version": "7.1.0",
          "resolved": "https://registry.npmjs.org/catbox/-/catbox-7.1.0.tgz",
          "integrity": "sha1-Fpo+9ol3Pb9HHI2IEeslGm3ss/Q="
        },
        "catbox-memory": {
          "version": "2.0.1",
          "resolved": "https://registry.npmjs.org/catbox-memory/-/catbox-memory-2.0.1.tgz",
          "integrity": "sha1-vfxec2RI/hbA/5FCfU2xGsNNk5Y="
        },
        "cryptiles": {
          "version": "3.0.0",
          "resolved": "https://registry.npmjs.org/cryptiles/-/cryptiles-3.0.0.tgz",
          "integrity": "sha1-4Uj7j2ZqhxKEPd9lwZZ2nR44eQw="
        },
        "heavy": {
          "version": "4.0.1",
          "resolved": "https://registry.npmjs.org/heavy/-/heavy-4.0.1.tgz",
          "integrity": "sha1-UJAaFEiCU8K5VrAHKZbI9WGHA0Y="
        },
        "hoek": {
          "version": "4.0.0",
          "resolved": "https://registry.npmjs.org/hoek/-/hoek-4.0.0.tgz",
          "integrity": "sha1-NCm9h9lUj9RU5PbIVCiZropB30o="
        },
        "iron": {
          "version": "4.0.0",
          "resolved": "https://registry.npmjs.org/iron/-/iron-4.0.0.tgz",
          "integrity": "sha1-+bmFr/IaCY5hV/TfyiLoIYNlNSc="
        },
        "items": {
          "version": "2.1.0",
          "resolved": "https://registry.npmjs.org/items/-/items-2.1.0.tgz",
          "integrity": "sha1-L9AdSJ5+xYYb8Q69td3KM4Q8hQ8="
        },
        "joi": {
          "version": "8.1.0",
          "resolved": "https://registry.npmjs.org/joi/-/joi-8.1.0.tgz",
          "integrity": "sha1-WhkJTM5oAJzhGDHzutOh4eCvotE=",
          "dependencies": {
            "isemail": {
              "version": "2.1.0",
              "resolved": "https://registry.npmjs.org/isemail/-/isemail-2.1.0.tgz",
              "integrity": "sha1-f1Qz5GnYj0b7gfg/USDzbfA44v8="
            },
            "moment": {
              "version": "2.13.0",
              "resolved": "https://registry.npmjs.org/moment/-/moment-2.13.0.tgz",
              "integrity": "sha1-JBYtmVIebUD5muaTnoBtITnqrFI="
            }
          }
        },
        "kilt": {
          "version": "2.0.0",
          "resolved": "https://registry.npmjs.org/kilt/-/kilt-2.0.0.tgz",
          "integrity": "sha1-igb2YkoUhHRBwQLDsS6e8Gr13fI="
        },
        "mimos": {
          "version": "3.0.0",
          "resolved": "https://registry.npmjs.org/mimos/-/mimos-3.0.0.tgz",
          "integrity": "sha1-SygG4SXbvfcdmyzZ8LO0VsQDyCE=",
          "dependencies": {
            "mime-db": {
              "version": "1.23.0",
              "resolved": "https://registry.npmjs.org/mime-db/-/mime-db-1.23.0.tgz",
              "integrity": "sha1-oxtAcK2uon1zLqMzdApk0OyaZlk="
            }
          }
        },
        "peekaboo": {
          "version": "2.0.0",
          "resolved": "https://registry.npmjs.org/peekaboo/-/peekaboo-2.0.0.tgz",
          "integrity": "sha1-ilS71o7esMtbMUSZHhU10tSS3Jc="
        },
        "shot": {
          "version": "3.0.1",
          "resolved": "https://registry.npmjs.org/shot/-/shot-3.0.1.tgz",
          "integrity": "sha1-stArY/lJgeQ2+aJ/ApWfSSZZE2A="
        },
        "statehood": {
          "version": "4.0.0",
          "resolved": "https://registry.npmjs.org/statehood/-/statehood-4.0.0.tgz",
          "integrity": "sha1-AKSRJhXjq5UWbcUzr7oR4XePAB0="
        },
        "subtext": {
          "version": "4.0.1",
          "resolved": "https://registry.npmjs.org/subtext/-/subtext-4.0.1.tgz",
          "integrity": "sha1-LmIZXVfWYdSDs/F0TgZJ/vhse/c=",
          "dependencies": {
            "content": {
              "version": "3.0.1",
              "resolved": "https://registry.npmjs.org/content/-/content-3.0.1.tgz",
              "integrity": "sha1-5PXwSKSw6kMiDEHADNOJWsBl8so="
            },
            "pez": {
              "version": "2.1.0",
              "resolved": "https://registry.npmjs.org/pez/-/pez-2.1.0.tgz",
              "integrity": "sha1-uwfkbjwKVtmPR7DjIJmxoOkL+xs=",
              "dependencies": {
                "b64": {
                  "version": "3.0.0",
                  "resolved": "https://registry.npmjs.org/b64/-/b64-3.0.0.tgz",
                  "integrity": "sha1-MrMhzdoLmzEMdi05OrqSAdjk8hc="
                },
                "nigel": {
                  "version": "2.0.0",
                  "resolved": "https://registry.npmjs.org/nigel/-/nigel-2.0.0.tgz",
                  "integrity": "sha1-4lEYegUz6ufIIy99ejhlrkdorWk=",
                  "dependencies": {
                    "vise": {
                      "version": "2.0.1",
                      "resolved": "https://registry.npmjs.org/vise/-/vise-2.0.1.tgz",
                      "integrity": "sha1-RbryamPuomyvGp06bd9xaJVQh/Q="
                    }
                  }
                }
              }
            },
            "wreck": {
              "version": "7.2.0",
              "resolved": "https://registry.npmjs.org/wreck/-/wreck-7.2.0.tgz",
              "integrity": "sha1-XnTCuYtlhUQcobHGZRxnhmw8JEs="
            }
          }
        },
        "topo": {
          "version": "2.0.0",
          "resolved": "https://registry.npmjs.org/topo/-/topo-2.0.0.tgz",
          "integrity": "sha1-MVya7bhoytW2FhWWPJ/Qm+kSwe0="
        }
      }
    },
    "hapi-auth-cookie": {
      "version": "6.1.1",
      "resolved": "https://registry.npmjs.org/hapi-auth-cookie/-/hapi-auth-cookie-6.1.1.tgz",
      "integrity": "sha1-kn2znkNJFtgauHDUGB1w1T50VXI=",
      "dependencies": {
        "hoek": {
          "version": "3.0.4",
          "resolved": "https://registry.npmjs.org/hoek/-/hoek-3.0.4.tgz",
          "integrity": "sha1-Jorf9mu2aVxptHiaiLHghHw/MSM="
        },
        "joi": {
          "version": "7.3.0",
          "resolved": "https://registry.npmjs.org/joi/-/joi-7.3.0.tgz",
          "integrity": "sha1-TZyfGBgwRECDZltbbNW4ymd5pek="
        }
      }
    },
    "hoek": {
      "version": "4.1.1",
      "resolved": "https://registry.npmjs.org/hoek/-/hoek-4.1.1.tgz",
      "integrity": "sha1-nMVz/7ore0CPtenCoTeWvpTN3Ok="
    },
    "inert": {
      "version": "4.0.0",
      "resolved": "https://registry.npmjs.org/inert/-/inert-4.0.0.tgz",
      "integrity": "sha1-y89Co1yMacgDLjwXah03TCFC1Q4="
    },
    "inflection": {
      "version": "1.12.0",
      "resolved": "https://registry.npmjs.org/inflection/-/inflection-1.12.0.tgz",
      "integrity": "sha1-ogCTVlbW9fa8TcdQLhrstwMihBY="
    },
    "inflight": {
      "version": "1.0.6",
      "resolved": "https://registry.npmjs.org/inflight/-/inflight-1.0.6.tgz",
      "integrity": "sha1-Sb1jMdfQLQwJvJEKEHW6gWW1bfk="
    },
    "inherits": {
      "version": "2.0.3",
      "resolved": "https://registry.npmjs.org/inherits/-/inherits-2.0.3.tgz",
      "integrity": "sha1-Yzwsg+PaQqUC9SRmAiSA9CCCYd4="
    },
    "is-buffer": {
      "version": "1.1.5",
      "resolved": "https://registry.npmjs.org/is-buffer/-/is-buffer-1.1.5.tgz",
      "integrity": "sha1-Hzsm72E7IUuIy8ojzGwB2Hlh7sw="
    },
    "is-windows": {
      "version": "1.0.1",
      "resolved": "https://registry.npmjs.org/is-windows/-/is-windows-1.0.1.tgz",
      "integrity": "sha1-MQ23D3QtJZoWo2kgK1GvhCMzENk="
    },
    "isarray": {
      "version": "1.0.0",
      "resolved": "https://registry.npmjs.org/isarray/-/isarray-1.0.0.tgz",
      "integrity": "sha1-u5NdSFgsuhaMBoNJV6VKPgcSTxE="
    },
    "isemail": {
      "version": "2.2.1",
      "resolved": "https://registry.npmjs.org/isemail/-/isemail-2.2.1.tgz",
      "integrity": "sha1-A1PT2aYpUQgMJiwqoKQrjqjp4qY="
    },
    "isexe": {
      "version": "2.0.0",
      "resolved": "https://registry.npmjs.org/isexe/-/isexe-2.0.0.tgz",
      "integrity": "sha1-6PvzdNxVb/iUehDcsFctYz8s+hA="
    },
    "items": {
      "version": "2.1.1",
      "resolved": "https://registry.npmjs.org/items/-/items-2.1.1.tgz",
      "integrity": "sha1-i9FtnIOxlSneWuoyGsqtp4NkoZg="
    },
    "jmespath": {
      "version": "0.15.0",
      "resolved": "https://registry.npmjs.org/jmespath/-/jmespath-0.15.0.tgz",
      "integrity": "sha1-o/Iiqarp+Wb10nx5ZRDigJF2Qhc="
    },
    "joi": {
      "version": "8.1.0",
      "resolved": "https://registry.npmjs.org/joi/-/joi-8.1.0.tgz",
      "integrity": "sha1-WhkJTM5oAJzhGDHzutOh4eCvotE="
    },
    "jsonfile": {
      "version": "2.4.0",
      "resolved": "https://registry.npmjs.org/jsonfile/-/jsonfile-2.4.0.tgz",
      "integrity": "sha1-NzaitCi4e72gzIO1P6PWM6NcKug="
    },
    "kind-of": {
      "version": "3.2.2",
      "resolved": "https://registry.npmjs.org/kind-of/-/kind-of-3.2.2.tgz",
      "integrity": "sha1-MeohpzS6ubuw8yRm2JOupR5KPGQ="
    },
    "klaw": {
      "version": "1.3.1",
      "resolved": "https://registry.npmjs.org/klaw/-/klaw-1.3.1.tgz",
      "integrity": "sha1-QIhDO0azsbolnXh4XY6W9zugJDk="
    },
    "lazy-cache": {
      "version": "1.0.4",
      "resolved": "https://registry.npmjs.org/lazy-cache/-/lazy-cache-1.0.4.tgz",
      "integrity": "sha1-odePw6UEdMuAhF07O24dpJpEbo4=",
      "optional": true
    },
    "lodash": {
      "version": "4.12.0",
      "resolved": "https://registry.npmjs.org/lodash/-/lodash-4.12.0.tgz",
      "integrity": "sha1-K9bcRqBA9Z5obJcu0h2T3FkFMlg="
    },
    "longest": {
      "version": "1.0.1",
      "resolved": "https://registry.npmjs.org/longest/-/longest-1.0.1.tgz",
      "integrity": "sha1-MKCy2jj3N3DoKUoNIuZiXtd9AJc="
    },
    "lru-cache": {
      "version": "4.0.2",
      "resolved": "https://registry.npmjs.org/lru-cache/-/lru-cache-4.0.2.tgz",
      "integrity": "sha1-HRdnnAac2l0ECZGgnbwsDbN35V4="
    },
    "minimatch": {
      "version": "3.0.4",
      "resolved": "https://registry.npmjs.org/minimatch/-/minimatch-3.0.4.tgz",
      "integrity": "sha512-yJHVQEhyqPLUTgt9B83PXu6W3rx4MvvHvSUvToogpwoGDOUQ+yDrR0HRot+yOCdCO7u4hX3pWft6kWBBcqh0UA=="
    },
    "minimist": {
      "version": "0.0.10",
      "resolved": "https://registry.npmjs.org/minimist/-/minimist-0.0.10.tgz",
      "integrity": "sha1-3j+YVD2/lggr5IrRoMfNqDYwHc8="
    },
    "moment": {
      "version": "2.18.1",
      "resolved": "https://registry.npmjs.org/moment/-/moment-2.18.1.tgz",
      "integrity": "sha1-w2GT3Tzhwu7SrbfIAtu8d6gbHA8="
    },
    "moment-timezone": {
      "version": "0.5.13",
      "resolved": "https://registry.npmjs.org/moment-timezone/-/moment-timezone-0.5.13.tgz",
      "integrity": "sha1-mc5cfYJyYusPH3AgRBd/YHRde5A="
    },
    "ms": {
      "version": "2.0.0",
      "resolved": "https://registry.npmjs.org/ms/-/ms-2.0.0.tgz",
      "integrity": "sha1-VgiurfwAvmwpAd9fmGF4jeDVl8g="
    },
    "node-uuid": {
      "version": "1.4.8",
      "resolved": "https://registry.npmjs.org/node-uuid/-/node-uuid-1.4.8.tgz",
      "integrity": "sha1-sEDrCSOWivq/jTL7HxfxFn/auQc="
    },
    "object-assign": {
      "version": "4.1.0",
      "resolved": "https://registry.npmjs.org/object-assign/-/object-assign-4.1.0.tgz",
      "integrity": "sha1-ejs9DpgGPUP0wD8uiubNUahog6A="
    },
    "once": {
      "version": "1.3.3",
      "resolved": "https://registry.npmjs.org/once/-/once-1.3.3.tgz",
      "integrity": "sha1-suJhVXzkwxTsgwTz+oJmPkKXyiA="
    },
    "oppsy": {
      "version": "1.0.2",
      "resolved": "https://registry.npmjs.org/oppsy/-/oppsy-1.0.2.tgz",
      "integrity": "sha1-mAFM1pZ2U6g8//pVQibckAULqtQ="
    },
    "optimist": {
      "version": "0.6.1",
      "resolved": "https://registry.npmjs.org/optimist/-/optimist-0.6.1.tgz",
      "integrity": "sha1-2j6nRob6IaGaERwybpDrFaAZZoY="
    },
    "packet-reader": {
      "version": "0.2.0",
      "resolved": "https://registry.npmjs.org/packet-reader/-/packet-reader-0.2.0.tgz",
      "integrity": "sha1-gZ300BC4LV6lZx+KGjrPA5vNdwA="
    },
    "path-is-absolute": {
      "version": "1.0.1",
      "resolved": "https://registry.npmjs.org/path-is-absolute/-/path-is-absolute-1.0.1.tgz",
      "integrity": "sha1-F0uSaHNVNP+8es5r9TpanhtcX18="
    },
    "pg": {
      "version": "6.0.3",
      "resolved": "https://registry.npmjs.org/pg/-/pg-6.0.3.tgz",
      "integrity": "sha1-cpzlAwarJXnfnQ9hQ5jBSVVpo+I="
    },
    "pg-connection-string": {
      "version": "0.1.3",
      "resolved": "https://registry.npmjs.org/pg-connection-string/-/pg-connection-string-0.1.3.tgz",
      "integrity": "sha1-2hhHsglA5C7hSSvq9l1J2RskXfc="
    },
    "pg-pool": {
      "version": "1.8.0",
      "resolved": "https://registry.npmjs.org/pg-pool/-/pg-pool-1.8.0.tgz",
      "integrity": "sha1-9+xzgkw3oD8Hb1G/33DjQBR8Tzc="
    },
    "pg-types": {
      "version": "1.12.0",
      "resolved": "https://registry.npmjs.org/pg-types/-/pg-types-1.12.0.tgz",
      "integrity": "sha1-itO3uJfj/UY+Yt4kGtX8ZAtKZvA="
    },
    "pgpass": {
      "version": "0.0.6",
      "resolved": "https://registry.npmjs.org/pgpass/-/pgpass-0.0.6.tgz",
      "integrity": "sha1-9idiANAXOdoe6mMTi9yjX/S9coA="
    },
    "postgres-array": {
      "version": "1.0.2",
      "resolved": "https://registry.npmjs.org/postgres-array/-/postgres-array-1.0.2.tgz",
      "integrity": "sha1-jgsy6wO/d6XAp4UeBEHBaaJWojg="
    },
    "postgres-bytea": {
      "version": "1.0.0",
      "resolved": "https://registry.npmjs.org/postgres-bytea/-/postgres-bytea-1.0.0.tgz",
      "integrity": "sha1-AntTPAqokOJtFy1Hz5zOzFIazTU="
    },
    "postgres-date": {
      "version": "1.0.3",
      "resolved": "https://registry.npmjs.org/postgres-date/-/postgres-date-1.0.3.tgz",
      "integrity": "sha1-4tiXAu/bJY/52c7g/pG9BpdSV6g="
    },
    "postgres-interval": {
      "version": "1.1.0",
      "resolved": "https://registry.npmjs.org/postgres-interval/-/postgres-interval-1.1.0.tgz",
      "integrity": "sha1-EDHnusNFZBMoYq3J62xtLzqnW7Q="
    },
    "process-nextick-args": {
      "version": "1.0.7",
      "resolved": "https://registry.npmjs.org/process-nextick-args/-/process-nextick-args-1.0.7.tgz",
      "integrity": "sha1-FQ4gt1ZZCtP5EJPyWk8q2L/zC6M="
    },
    "pseudomap": {
      "version": "1.0.2",
      "resolved": "https://registry.npmjs.org/pseudomap/-/pseudomap-1.0.2.tgz",
      "integrity": "sha1-8FKijacOYYkX7wqKw0wa5aaChrM="
    },
    "pump": {
      "version": "1.0.2",
      "resolved": "https://registry.npmjs.org/pump/-/pump-1.0.2.tgz",
      "integrity": "sha1-Oz7mUS+U8OV1U4wXmV+fFpkKXVE=",
      "dependencies": {
        "end-of-stream": {
          "version": "1.4.0",
          "resolved": "https://registry.npmjs.org/end-of-stream/-/end-of-stream-1.4.0.tgz",
          "integrity": "sha1-epDYM+/abPpurA9JSduw+tOmMgY=",
          "dependencies": {
            "once": {
              "version": "1.4.0",
              "resolved": "https://registry.npmjs.org/once/-/once-1.4.0.tgz",
              "integrity": "sha1-WDsap3WWHUsROsF9nFC6753Xa9E="
            }
          }
        }
      }
    },
    "pumpify": {
      "version": "1.3.5",
      "resolved": "https://registry.npmjs.org/pumpify/-/pumpify-1.3.5.tgz",
      "integrity": "sha1-G2ccYZlAq8rqwK0OOjwWS+dgmTs="
    },
    "readable-stream": {
      "version": "2.3.3",
      "resolved": "https://registry.npmjs.org/readable-stream/-/readable-stream-2.3.3.tgz",
      "integrity": "sha512-m+qzzcn7KUxEmd1gMbchF+Y2eIUbieUaxkWtptyHywrX0rE8QEYqPC07Vuy4Wm32/xE16NcdBctb8S0Xe/5IeQ=="
    },
    "redis": {
      "version": "2.7.1",
      "resolved": "https://registry.npmjs.org/redis/-/redis-2.7.1.tgz",
      "integrity": "sha1-fVb3h1uYsgQQtxU58dh47Vjr9Go="
    },
    "redis-commands": {
      "version": "1.3.1",
      "resolved": "https://registry.npmjs.org/redis-commands/-/redis-commands-1.3.1.tgz",
      "integrity": "sha1-gdgm9F+pyLIBH0zXoP5ZfSQdRCs="
    },
    "redis-parser": {
      "version": "2.6.0",
      "resolved": "https://registry.npmjs.org/redis-parser/-/redis-parser-2.6.0.tgz",
      "integrity": "sha1-Uu0J2srBCPGmMcB+m2mUHnoZUEs="
    },
    "repeat-string": {
      "version": "1.6.1",
      "resolved": "https://registry.npmjs.org/repeat-string/-/repeat-string-1.6.1.tgz",
      "integrity": "sha1-jcrkcOHIirwtYA//Sndihtp15jc="
    },
    "retry-as-promised": {
      "version": "2.2.0",
      "resolved": "https://registry.npmjs.org/retry-as-promised/-/retry-as-promised-2.2.0.tgz",
      "integrity": "sha1-sEY9f9PPWy/tZFAKtui4pJxbjmw="
    },
    "right-align": {
      "version": "0.1.3",
      "resolved": "https://registry.npmjs.org/right-align/-/right-align-0.1.3.tgz",
      "integrity": "sha1-YTObci/mo1FWiSENJOFMlhSGE+8=",
      "optional": true
    },
    "rimraf": {
      "version": "2.6.1",
      "resolved": "https://registry.npmjs.org/rimraf/-/rimraf-2.6.1.tgz",
      "integrity": "sha1-wjOOxkPfeht/5cVPqG9XQopV8z0="
    },
    "safe-buffer": {
      "version": "5.1.1",
      "resolved": "https://registry.npmjs.org/safe-buffer/-/safe-buffer-5.1.1.tgz",
      "integrity": "sha512-kKvNJn6Mm93gAczWVJg7wH+wGYWNrDHdWvpUmHyEsgCtIwwo3bqPtV4tR5tuPaUhTOo/kvhVwd8XwwOllGYkbg=="
    },
    "sax": {
      "version": "1.1.5",
      "resolved": "https://registry.npmjs.org/sax/-/sax-1.1.5.tgz",
      "integrity": "sha1-HaUKjQDN7NWUBWWfX/hTSf53N0M="
    },
    "semver": {
      "version": "4.3.2",
      "resolved": "https://registry.npmjs.org/semver/-/semver-4.3.2.tgz",
      "integrity": "sha1-x6BxWKgL7dBSNVt3DYLWZA+AO+c="
    },
    "sequelize": {
      "version": "3.23.6",
      "resolved": "https://registry.npmjs.org/sequelize/-/sequelize-3.23.6.tgz",
      "integrity": "sha1-aHBsrdpcS3zCc67K1+OdY4RVzhY=",
      "dependencies": {
        "generic-pool": {
          "version": "2.4.2",
          "resolved": "https://registry.npmjs.org/generic-pool/-/generic-pool-2.4.2.tgz",
          "integrity": "sha1-iGvFvwvrfblugby7oHiBjeWmJoM="
        },
        "semver": {
          "version": "5.3.0",
          "resolved": "https://registry.npmjs.org/semver/-/semver-5.3.0.tgz",
          "integrity": "sha1-myzl094C0XxgEq0yaqa00M9U+U8="
        }
      }
    },
    "shebang-command": {
      "version": "1.2.0",
      "resolved": "https://registry.npmjs.org/shebang-command/-/shebang-command-1.2.0.tgz",
      "integrity": "sha1-RKrGW2lbAzmJaMOfNj/uXer98eo="
    },
    "shebang-regex": {
      "version": "1.0.0",
      "resolved": "https://registry.npmjs.org/shebang-regex/-/shebang-regex-1.0.0.tgz",
      "integrity": "sha1-2kL0l0DAtC2yypcoVxyxkMmO/qM="
    },
    "shimmer": {
      "version": "1.1.0",
      "resolved": "https://registry.npmjs.org/shimmer/-/shimmer-1.1.0.tgz",
      "integrity": "sha1-l9c3cTf/u6tCVSLkKf4KqJpIizU="
    },
    "source-map": {
      "version": "0.4.4",
      "resolved": "https://registry.npmjs.org/source-map/-/source-map-0.4.4.tgz",
      "integrity": "sha1-66T12pwNyZneaAMti092FzZSA2s="
    },
    "split": {
      "version": "1.0.0",
      "resolved": "https://registry.npmjs.org/split/-/split-1.0.0.tgz",
      "integrity": "sha1-xDlc5oOrzSVLwo/h2rtuXCfc/64="
    },
    "stream-shift": {
      "version": "1.0.0",
      "resolved": "https://registry.npmjs.org/stream-shift/-/stream-shift-1.0.0.tgz",
      "integrity": "sha1-1cdSgl5TZ+eG944Y5EXqIjoVWVI="
    },
    "string_decoder": {
      "version": "1.0.3",
      "resolved": "https://registry.npmjs.org/string_decoder/-/string_decoder-1.0.3.tgz",
      "integrity": "sha512-4AH6Z5fzNNBcH+6XDMfA/BTt87skxqJlO0lAh3Dker5zThcAxG6mKz+iGu308UKoPPQ8Dcqx/4JhujzltRa+hQ=="
    },
    "terraformer": {
      "version": "1.0.8",
      "resolved": "https://registry.npmjs.org/terraformer/-/terraformer-1.0.8.tgz",
      "integrity": "sha1-UeCtiXRvzyFh3G9lqnDkI3fItZM="
    },
    "terraformer-wkt-parser": {
      "version": "1.1.2",
      "resolved": "https://registry.npmjs.org/terraformer-wkt-parser/-/terraformer-wkt-parser-1.1.2.tgz",
      "integrity": "sha1-M2oMj8gglKWv+DKI9prt7NNpvww="
    },
    "through": {
      "version": "2.3.8",
      "resolved": "https://registry.npmjs.org/through/-/through-2.3.8.tgz",
      "integrity": "sha1-DdTJ/6q8NXlgsbckEV1+Doai4fU="
    },
    "topo": {
      "version": "2.0.2",
      "resolved": "https://registry.npmjs.org/topo/-/topo-2.0.2.tgz",
      "integrity": "sha1-zVYVdSU5BXwNwEkaYhw7xvvh0YI="
    },
    "toposort-class": {
      "version": "1.0.1",
      "resolved": "https://registry.npmjs.org/toposort-class/-/toposort-class-1.0.1.tgz",
      "integrity": "sha1-f/0feMi+KMO6Rc1OGj9e4ZO9mYg="
    },
    "uglify-js": {
      "version": "2.8.29",
      "resolved": "https://registry.npmjs.org/uglify-js/-/uglify-js-2.8.29.tgz",
      "integrity": "sha1-KcVzMUgFe7Th913zW3qcty5qWd0=",
      "optional": true,
      "dependencies": {
        "source-map": {
          "version": "0.5.6",
          "resolved": "https://registry.npmjs.org/source-map/-/source-map-0.5.6.tgz",
          "integrity": "sha1-dc449SvwczxafwwRjYEzSiu19BI=",
          "optional": true
        }
      }
    },
    "uglify-to-browserify": {
      "version": "1.0.2",
      "resolved": "https://registry.npmjs.org/uglify-to-browserify/-/uglify-to-browserify-1.0.2.tgz",
      "integrity": "sha1-bgkk1r2mta/jSeOabWMoUKD4grc=",
      "optional": true
    },
    "util-deprecate": {
      "version": "1.0.2",
      "resolved": "https://registry.npmjs.org/util-deprecate/-/util-deprecate-1.0.2.tgz",
      "integrity": "sha1-RQ1Nyfpw3nMnYvvS1KKJgUGaDM8="
    },
    "validator": {
      "version": "5.7.0",
      "resolved": "https://registry.npmjs.org/validator/-/validator-5.7.0.tgz",
      "integrity": "sha1-eoelgUa2laxIYHEUHAxJ1n2gXlw="
    },
    "vision": {
      "version": "4.1.0",
      "resolved": "https://registry.npmjs.org/vision/-/vision-4.1.0.tgz",
      "integrity": "sha1-wMSckodCPPz32+31GuamewZcauc=",
      "dependencies": {
        "hoek": {
          "version": "3.0.4",
          "resolved": "https://registry.npmjs.org/hoek/-/hoek-3.0.4.tgz",
          "integrity": "sha1-Jorf9mu2aVxptHiaiLHghHw/MSM="
        }
      }
    },
    "which": {
      "version": "1.2.14",
      "resolved": "https://registry.npmjs.org/which/-/which-1.2.14.tgz",
      "integrity": "sha1-mofEN48D6CfOyvGs31bHNsAcFOU="
    },
    "window-size": {
      "version": "0.1.0",
      "resolved": "https://registry.npmjs.org/window-size/-/window-size-0.1.0.tgz",
      "integrity": "sha1-VDjNLqk7IC76Ohn+iIeu58lPnJ0=",
      "optional": true
    },
    "wkx": {
      "version": "0.2.0",
      "resolved": "https://registry.npmjs.org/wkx/-/wkx-0.2.0.tgz",
      "integrity": "sha1-dsJPFqzQzY+TzTSqMx4PeWElboQ="
    },
    "wordwrap": {
      "version": "0.0.3",
      "resolved": "https://registry.npmjs.org/wordwrap/-/wordwrap-0.0.3.tgz",
      "integrity": "sha1-o9XabNXAvAAI03I0u68b7WMFkQc="
    },
    "wrappy": {
      "version": "1.0.2",
      "resolved": "https://registry.npmjs.org/wrappy/-/wrappy-1.0.2.tgz",
      "integrity": "sha1-tSQ9jz7BqjXxNkYFvA0QNuMKtp8="
    },
    "xml2js": {
      "version": "0.4.15",
      "resolved": "https://registry.npmjs.org/xml2js/-/xml2js-0.4.15.tgz",
      "integrity": "sha1-lc0D/y3RROwovGJzvysokMWBrQw="
    },
    "xmlbuilder": {
      "version": "2.6.2",
      "resolved": "https://registry.npmjs.org/xmlbuilder/-/xmlbuilder-2.6.2.tgz",
      "integrity": "sha1-+Rb20Q1F3BcbG+Lm5nP7bgzDXQo=",
      "dependencies": {
        "lodash": {
          "version": "3.5.0",
          "resolved": "https://registry.npmjs.org/lodash/-/lodash-3.5.0.tgz",
          "integrity": "sha1-Gbs/TVEnjwuMgY7RRcdOz5/kDm0="
        }
      }
    },
    "xtend": {
      "version": "4.0.1",
      "resolved": "https://registry.npmjs.org/xtend/-/xtend-4.0.1.tgz",
      "integrity": "sha1-pcbVMr5lbiPbgg77lDofBJmNY68="
    },
    "yallist": {
      "version": "2.1.2",
      "resolved": "https://registry.npmjs.org/yallist/-/yallist-2.1.2.tgz",
      "integrity": "sha1-HBH5IY8HYImkfdUS+TxmmaaoHVI="
    },
    "yargs": {
      "version": "3.10.0",
      "resolved": "https://registry.npmjs.org/yargs/-/yargs-3.10.0.tgz",
      "integrity": "sha1-9+572FfdfB0tOMDnTvvWgdFDH9E=",
      "optional": true
    }
  }
}
